// !$*UTF8*$!
{
	archiveVersion = 1;
	classes = {
	};
	objectVersion = 52;
	objects = {

/* Begin PBXBuildFile section */
		660BA7BC258BC51200AE297F /* AppDelegate.swift in Sources */ = {isa = PBXBuildFile; fileRef = 660BA7BB258BC51200AE297F /* AppDelegate.swift */; };
		660BA7C3258BC51200AE297F /* Main.storyboard in Resources */ = {isa = PBXBuildFile; fileRef = 660BA7C1258BC51200AE297F /* Main.storyboard */; };
		660BA7C5258BC51700AE297F /* Assets.xcassets in Resources */ = {isa = PBXBuildFile; fileRef = 660BA7C4258BC51700AE297F /* Assets.xcassets */; };
		660BA7C8258BC51700AE297F /* LaunchScreen.storyboard in Resources */ = {isa = PBXBuildFile; fileRef = 660BA7C6258BC51700AE297F /* LaunchScreen.storyboard */; };
		660BA7D3258BC51800AE297F /* MyMovieTests.swift in Sources */ = {isa = PBXBuildFile; fileRef = 660BA7D2258BC51800AE297F /* MyMovieTests.swift */; };
		660BA7DE258BC51800AE297F /* MyMovieUITests.swift in Sources */ = {isa = PBXBuildFile; fileRef = 660BA7DD258BC51800AE297F /* MyMovieUITests.swift */; };
		660BA7F6258BC5E200AE297F /* Alamofire in Frameworks */ = {isa = PBXBuildFile; productRef = 660BA7F5258BC5E200AE297F /* Alamofire */; };
		660BA7FC258BC8B300AE297F /* Realm in Frameworks */ = {isa = PBXBuildFile; productRef = 660BA7FB258BC8B300AE297F /* Realm */; };
		660BA7FE258BC8B300AE297F /* RealmSwift in Frameworks */ = {isa = PBXBuildFile; productRef = 660BA7FD258BC8B300AE297F /* RealmSwift */; };
/* End PBXBuildFile section */

/* Begin PBXContainerItemProxy section */
		660BA7CF258BC51800AE297F /* PBXContainerItemProxy */ = {
			isa = PBXContainerItemProxy;
			containerPortal = 660BA7B0258BC51200AE297F /* Project object */;
			proxyType = 1;
			remoteGlobalIDString = 660BA7B7258BC51200AE297F;
			remoteInfo = MyMovie;
		};
		660BA7DA258BC51800AE297F /* PBXContainerItemProxy */ = {
			isa = PBXContainerItemProxy;
			containerPortal = 660BA7B0258BC51200AE297F /* Project object */;
			proxyType = 1;
			remoteGlobalIDString = 660BA7B7258BC51200AE297F;
			remoteInfo = MyMovie;
		};
/* End PBXContainerItemProxy section */

/* Begin PBXFileReference section */
		660BA7B8258BC51200AE297F /* MyMovie.app */ = {isa = PBXFileReference; explicitFileType = wrapper.application; includeInIndex = 0; path = MyMovie.app; sourceTree = BUILT_PRODUCTS_DIR; };
		660BA7BB258BC51200AE297F /* AppDelegate.swift */ = {isa = PBXFileReference; lastKnownFileType = sourcecode.swift; path = AppDelegate.swift; sourceTree = "<group>"; };
		660BA7C2258BC51200AE297F /* Base */ = {isa = PBXFileReference; lastKnownFileType = file.storyboard; name = Base; path = Base.lproj/Main.storyboard; sourceTree = "<group>"; };
		660BA7C4258BC51700AE297F /* Assets.xcassets */ = {isa = PBXFileReference; lastKnownFileType = folder.assetcatalog; path = Assets.xcassets; sourceTree = "<group>"; };
		660BA7C7258BC51700AE297F /* Base */ = {isa = PBXFileReference; lastKnownFileType = file.storyboard; name = Base; path = Base.lproj/LaunchScreen.storyboard; sourceTree = "<group>"; };
		660BA7C9258BC51700AE297F /* Info.plist */ = {isa = PBXFileReference; lastKnownFileType = text.plist.xml; path = Info.plist; sourceTree = "<group>"; };
		660BA7CE258BC51800AE297F /* MyMovieTests.xctest */ = {isa = PBXFileReference; explicitFileType = wrapper.cfbundle; includeInIndex = 0; path = MyMovieTests.xctest; sourceTree = BUILT_PRODUCTS_DIR; };
		660BA7D2258BC51800AE297F /* MyMovieTests.swift */ = {isa = PBXFileReference; lastKnownFileType = sourcecode.swift; path = MyMovieTests.swift; sourceTree = "<group>"; };
		660BA7D4258BC51800AE297F /* Info.plist */ = {isa = PBXFileReference; lastKnownFileType = text.plist.xml; path = Info.plist; sourceTree = "<group>"; };
		660BA7D9258BC51800AE297F /* MyMovieUITests.xctest */ = {isa = PBXFileReference; explicitFileType = wrapper.cfbundle; includeInIndex = 0; path = MyMovieUITests.xctest; sourceTree = BUILT_PRODUCTS_DIR; };
		660BA7DD258BC51800AE297F /* MyMovieUITests.swift */ = {isa = PBXFileReference; lastKnownFileType = sourcecode.swift; path = MyMovieUITests.swift; sourceTree = "<group>"; };
		660BA7DF258BC51800AE297F /* Info.plist */ = {isa = PBXFileReference; lastKnownFileType = text.plist.xml; path = Info.plist; sourceTree = "<group>"; };
/* End PBXFileReference section */

/* Begin PBXFrameworksBuildPhase section */
		660BA7B5258BC51200AE297F /* Frameworks */ = {
			isa = PBXFrameworksBuildPhase;
			buildActionMask = 2147483647;
			files = (
				660BA7FE258BC8B300AE297F /* RealmSwift in Frameworks */,
				660BA7FC258BC8B300AE297F /* Realm in Frameworks */,
				660BA7F6258BC5E200AE297F /* Alamofire in Frameworks */,
			);
			runOnlyForDeploymentPostprocessing = 0;
		};
		660BA7CB258BC51800AE297F /* Frameworks */ = {
			isa = PBXFrameworksBuildPhase;
			buildActionMask = 2147483647;
			files = (
			);
			runOnlyForDeploymentPostprocessing = 0;
		};
		660BA7D6258BC51800AE297F /* Frameworks */ = {
			isa = PBXFrameworksBuildPhase;
			buildActionMask = 2147483647;
			files = (
			);
			runOnlyForDeploymentPostprocessing = 0;
		};
/* End PBXFrameworksBuildPhase section */

/* Begin PBXGroup section */
		660BA7AF258BC51200AE297F = {
			isa = PBXGroup;
			children = (
				660BA7BA258BC51200AE297F /* MyMovie */,
				660BA7D1258BC51800AE297F /* MyMovieTests */,
				660BA7DC258BC51800AE297F /* MyMovieUITests */,
				660BA7B9258BC51200AE297F /* Products */,
			);
			sourceTree = "<group>";
		};
		660BA7B9258BC51200AE297F /* Products */ = {
			isa = PBXGroup;
			children = (
				660BA7B8258BC51200AE297F /* MyMovie.app */,
				660BA7CE258BC51800AE297F /* MyMovieTests.xctest */,
				660BA7D9258BC51800AE297F /* MyMovieUITests.xctest */,
			);
			name = Products;
			sourceTree = "<group>";
		};
		660BA7BA258BC51200AE297F /* MyMovie */ = {
			isa = PBXGroup;
			children = (
				660BA7BB258BC51200AE297F /* AppDelegate.swift */,
				660BA7C1258BC51200AE297F /* Main.storyboard */,
				660BA7C4258BC51700AE297F /* Assets.xcassets */,
				660BA7C6258BC51700AE297F /* LaunchScreen.storyboard */,
				660BA7C9258BC51700AE297F /* Info.plist */,
			);
			path = MyMovie;
			sourceTree = "<group>";
		};
		660BA7D1258BC51800AE297F /* MyMovieTests */ = {
			isa = PBXGroup;
			children = (
				660BA7D2258BC51800AE297F /* MyMovieTests.swift */,
				660BA7D4258BC51800AE297F /* Info.plist */,
			);
			path = MyMovieTests;
			sourceTree = "<group>";
		};
		660BA7DC258BC51800AE297F /* MyMovieUITests */ = {
			isa = PBXGroup;
			children = (
				660BA7DD258BC51800AE297F /* MyMovieUITests.swift */,
				660BA7DF258BC51800AE297F /* Info.plist */,
			);
			path = MyMovieUITests;
			sourceTree = "<group>";
		};
/* End PBXGroup section */

/* Begin PBXNativeTarget section */
		660BA7B7258BC51200AE297F /* MyMovie */ = {
			isa = PBXNativeTarget;
			buildConfigurationList = 660BA7E2258BC51800AE297F /* Build configuration list for PBXNativeTarget "MyMovie" */;
			buildPhases = (
				660BA7B4258BC51200AE297F /* Sources */,
				660BA7B5258BC51200AE297F /* Frameworks */,
				660BA7B6258BC51200AE297F /* Resources */,
			);
			buildRules = (
			);
			dependencies = (
			);
			name = MyMovie;
			packageProductDependencies = (
				660BA7F5258BC5E200AE297F /* Alamofire */,
				660BA7FB258BC8B300AE297F /* Realm */,
				660BA7FD258BC8B300AE297F /* RealmSwift */,
			);
			productName = MyMovie;
			productReference = 660BA7B8258BC51200AE297F /* MyMovie.app */;
			productType = "com.apple.product-type.application";
		};
		660BA7CD258BC51800AE297F /* MyMovieTests */ = {
			isa = PBXNativeTarget;
			buildConfigurationList = 660BA7E5258BC51800AE297F /* Build configuration list for PBXNativeTarget "MyMovieTests" */;
			buildPhases = (
				660BA7CA258BC51800AE297F /* Sources */,
				660BA7CB258BC51800AE297F /* Frameworks */,
				660BA7CC258BC51800AE297F /* Resources */,
			);
			buildRules = (
			);
			dependencies = (
				660BA7D0258BC51800AE297F /* PBXTargetDependency */,
			);
			name = MyMovieTests;
			productName = MyMovieTests;
			productReference = 660BA7CE258BC51800AE297F /* MyMovieTests.xctest */;
			productType = "com.apple.product-type.bundle.unit-test";
		};
		660BA7D8258BC51800AE297F /* MyMovieUITests */ = {
			isa = PBXNativeTarget;
			buildConfigurationList = 660BA7E8258BC51800AE297F /* Build configuration list for PBXNativeTarget "MyMovieUITests" */;
			buildPhases = (
				660BA7D5258BC51800AE297F /* Sources */,
				660BA7D6258BC51800AE297F /* Frameworks */,
				660BA7D7258BC51800AE297F /* Resources */,
			);
			buildRules = (
			);
			dependencies = (
				660BA7DB258BC51800AE297F /* PBXTargetDependency */,
			);
			name = MyMovieUITests;
			productName = MyMovieUITests;
			productReference = 660BA7D9258BC51800AE297F /* MyMovieUITests.xctest */;
			productType = "com.apple.product-type.bundle.ui-testing";
		};
/* End PBXNativeTarget section */

/* Begin PBXProject section */
		660BA7B0258BC51200AE297F /* Project object */ = {
			isa = PBXProject;
			attributes = {
				LastSwiftUpdateCheck = 1200;
				LastUpgradeCheck = 1200;
				TargetAttributes = {
					660BA7B7258BC51200AE297F = {
						CreatedOnToolsVersion = 12.0;
					};
					660BA7CD258BC51800AE297F = {
						CreatedOnToolsVersion = 12.0;
						TestTargetID = 660BA7B7258BC51200AE297F;
					};
					660BA7D8258BC51800AE297F = {
						CreatedOnToolsVersion = 12.0;
						TestTargetID = 660BA7B7258BC51200AE297F;
					};
				};
			};
			buildConfigurationList = 660BA7B3258BC51200AE297F /* Build configuration list for PBXProject "MyMovie" */;
			compatibilityVersion = "Xcode 9.3";
			developmentRegion = en;
			hasScannedForEncodings = 0;
			knownRegions = (
				en,
				Base,
			);
			mainGroup = 660BA7AF258BC51200AE297F;
			packageReferences = (
				660BA7F4258BC5E200AE297F /* XCRemoteSwiftPackageReference "Alamofire" */,
				660BA7FA258BC8B300AE297F /* XCRemoteSwiftPackageReference "realm-cocoa" */,
			);
			productRefGroup = 660BA7B9258BC51200AE297F /* Products */;
			projectDirPath = "";
			projectRoot = "";
			targets = (
				660BA7B7258BC51200AE297F /* MyMovie */,
				660BA7CD258BC51800AE297F /* MyMovieTests */,
				660BA7D8258BC51800AE297F /* MyMovieUITests */,
			);
		};
/* End PBXProject section */

/* Begin PBXResourcesBuildPhase section */
		660BA7B6258BC51200AE297F /* Resources */ = {
			isa = PBXResourcesBuildPhase;
			buildActionMask = 2147483647;
			files = (
				660BA7C8258BC51700AE297F /* LaunchScreen.storyboard in Resources */,
				660BA7C5258BC51700AE297F /* Assets.xcassets in Resources */,
				660BA7C3258BC51200AE297F /* Main.storyboard in Resources */,
			);
			runOnlyForDeploymentPostprocessing = 0;
		};
		660BA7CC258BC51800AE297F /* Resources */ = {
			isa = PBXResourcesBuildPhase;
			buildActionMask = 2147483647;
			files = (
			);
			runOnlyForDeploymentPostprocessing = 0;
		};
		660BA7D7258BC51800AE297F /* Resources */ = {
			isa = PBXResourcesBuildPhase;
			buildActionMask = 2147483647;
			files = (
			);
			runOnlyForDeploymentPostprocessing = 0;
		};
/* End PBXResourcesBuildPhase section */

/* Begin PBXSourcesBuildPhase section */
		660BA7B4258BC51200AE297F /* Sources */ = {
			isa = PBXSourcesBuildPhase;
			buildActionMask = 2147483647;
			files = (
				660BA7BC258BC51200AE297F /* AppDelegate.swift in Sources */,
			);
			runOnlyForDeploymentPostprocessing = 0;
		};
		660BA7CA258BC51800AE297F /* Sources */ = {
			isa = PBXSourcesBuildPhase;
			buildActionMask = 2147483647;
			files = (
				660BA7D3258BC51800AE297F /* MyMovieTests.swift in Sources */,
			);
			runOnlyForDeploymentPostprocessing = 0;
		};
		660BA7D5258BC51800AE297F /* Sources */ = {
			isa = PBXSourcesBuildPhase;
			buildActionMask = 2147483647;
			files = (
				660BA7DE258BC51800AE297F /* MyMovieUITests.swift in Sources */,
			);
			runOnlyForDeploymentPostprocessing = 0;
		};
/* End PBXSourcesBuildPhase section */

/* Begin PBXTargetDependency section */
		660BA7D0258BC51800AE297F /* PBXTargetDependency */ = {
			isa = PBXTargetDependency;
			target = 660BA7B7258BC51200AE297F /* MyMovie */;
			targetProxy = 660BA7CF258BC51800AE297F /* PBXContainerItemProxy */;
		};
		660BA7DB258BC51800AE297F /* PBXTargetDependency */ = {
			isa = PBXTargetDependency;
			target = 660BA7B7258BC51200AE297F /* MyMovie */;
			targetProxy = 660BA7DA258BC51800AE297F /* PBXContainerItemProxy */;
		};
/* End PBXTargetDependency section */

/* Begin PBXVariantGroup section */
		660BA7C1258BC51200AE297F /* Main.storyboard */ = {
			isa = PBXVariantGroup;
			children = (
				660BA7C2258BC51200AE297F /* Base */,
			);
			name = Main.storyboard;
			sourceTree = "<group>";
		};
		660BA7C6258BC51700AE297F /* LaunchScreen.storyboard */ = {
			isa = PBXVariantGroup;
			children = (
				660BA7C7258BC51700AE297F /* Base */,
			);
			name = LaunchScreen.storyboard;
			sourceTree = "<group>";
		};
/* End PBXVariantGroup section */

/* Begin XCBuildConfiguration section */
		660BA7E0258BC51800AE297F /* Debug */ = {
			isa = XCBuildConfiguration;
			buildSettings = {
				ALWAYS_SEARCH_USER_PATHS = NO;
				CLANG_ANALYZER_NONNULL = YES;
				CLANG_ANALYZER_NUMBER_OBJECT_CONVERSION = YES_AGGRESSIVE;
				CLANG_CXX_LANGUAGE_STANDARD = "gnu++14";
				CLANG_CXX_LIBRARY = "libc++";
				CLANG_ENABLE_MODULES = YES;
				CLANG_ENABLE_OBJC_ARC = YES;
				CLANG_ENABLE_OBJC_WEAK = YES;
				CLANG_WARN_BLOCK_CAPTURE_AUTORELEASING = YES;
				CLANG_WARN_BOOL_CONVERSION = YES;
				CLANG_WARN_COMMA = YES;
				CLANG_WARN_CONSTANT_CONVERSION = YES;
				CLANG_WARN_DEPRECATED_OBJC_IMPLEMENTATIONS = YES;
				CLANG_WARN_DIRECT_OBJC_ISA_USAGE = YES_ERROR;
				CLANG_WARN_DOCUMENTATION_COMMENTS = YES;
				CLANG_WARN_EMPTY_BODY = YES;
				CLANG_WARN_ENUM_CONVERSION = YES;
				CLANG_WARN_INFINITE_RECURSION = YES;
				CLANG_WARN_INT_CONVERSION = YES;
				CLANG_WARN_NON_LITERAL_NULL_CONVERSION = YES;
				CLANG_WARN_OBJC_IMPLICIT_RETAIN_SELF = YES;
				CLANG_WARN_OBJC_LITERAL_CONVERSION = YES;
				CLANG_WARN_OBJC_ROOT_CLASS = YES_ERROR;
				CLANG_WARN_QUOTED_INCLUDE_IN_FRAMEWORK_HEADER = YES;
				CLANG_WARN_RANGE_LOOP_ANALYSIS = YES;
				CLANG_WARN_STRICT_PROTOTYPES = YES;
				CLANG_WARN_SUSPICIOUS_MOVE = YES;
				CLANG_WARN_UNGUARDED_AVAILABILITY = YES_AGGRESSIVE;
				CLANG_WARN_UNREACHABLE_CODE = YES;
				CLANG_WARN__DUPLICATE_METHOD_MATCH = YES;
				COPY_PHASE_STRIP = NO;
				DEBUG_INFORMATION_FORMAT = dwarf;
				ENABLE_STRICT_OBJC_MSGSEND = YES;
				ENABLE_TESTABILITY = YES;
				GCC_C_LANGUAGE_STANDARD = gnu11;
				GCC_DYNAMIC_NO_PIC = NO;
				GCC_NO_COMMON_BLOCKS = YES;
				GCC_OPTIMIZATION_LEVEL = 0;
				GCC_PREPROCESSOR_DEFINITIONS = (
					"DEBUG=1",
					"$(inherited)",
				);
				GCC_WARN_64_TO_32_BIT_CONVERSION = YES;
				GCC_WARN_ABOUT_RETURN_TYPE = YES_ERROR;
				GCC_WARN_UNDECLARED_SELECTOR = YES;
				GCC_WARN_UNINITIALIZED_AUTOS = YES_AGGRESSIVE;
				GCC_WARN_UNUSED_FUNCTION = YES;
				GCC_WARN_UNUSED_VARIABLE = YES;
				IPHONEOS_DEPLOYMENT_TARGET = 11.0;
				MTL_ENABLE_DEBUG_INFO = INCLUDE_SOURCE;
				MTL_FAST_MATH = YES;
				ONLY_ACTIVE_ARCH = YES;
				SDKROOT = iphoneos;
				SWIFT_ACTIVE_COMPILATION_CONDITIONS = DEBUG;
				SWIFT_OPTIMIZATION_LEVEL = "-Onone";
			};
			name = Debug;
		};
		660BA7E1258BC51800AE297F /* Release */ = {
			isa = XCBuildConfiguration;
			buildSettings = {
				ALWAYS_SEARCH_USER_PATHS = NO;
				CLANG_ANALYZER_NONNULL = YES;
				CLANG_ANALYZER_NUMBER_OBJECT_CONVERSION = YES_AGGRESSIVE;
				CLANG_CXX_LANGUAGE_STANDARD = "gnu++14";
				CLANG_CXX_LIBRARY = "libc++";
				CLANG_ENABLE_MODULES = YES;
				CLANG_ENABLE_OBJC_ARC = YES;
				CLANG_ENABLE_OBJC_WEAK = YES;
				CLANG_WARN_BLOCK_CAPTURE_AUTORELEASING = YES;
				CLANG_WARN_BOOL_CONVERSION = YES;
				CLANG_WARN_COMMA = YES;
				CLANG_WARN_CONSTANT_CONVERSION = YES;
				CLANG_WARN_DEPRECATED_OBJC_IMPLEMENTATIONS = YES;
				CLANG_WARN_DIRECT_OBJC_ISA_USAGE = YES_ERROR;
				CLANG_WARN_DOCUMENTATION_COMMENTS = YES;
				CLANG_WARN_EMPTY_BODY = YES;
				CLANG_WARN_ENUM_CONVERSION = YES;
				CLANG_WARN_INFINITE_RECURSION = YES;
				CLANG_WARN_INT_CONVERSION = YES;
				CLANG_WARN_NON_LITERAL_NULL_CONVERSION = YES;
				CLANG_WARN_OBJC_IMPLICIT_RETAIN_SELF = YES;
				CLANG_WARN_OBJC_LITERAL_CONVERSION = YES;
				CLANG_WARN_OBJC_ROOT_CLASS = YES_ERROR;
				CLANG_WARN_QUOTED_INCLUDE_IN_FRAMEWORK_HEADER = YES;
				CLANG_WARN_RANGE_LOOP_ANALYSIS = YES;
				CLANG_WARN_STRICT_PROTOTYPES = YES;
				CLANG_WARN_SUSPICIOUS_MOVE = YES;
				CLANG_WARN_UNGUARDED_AVAILABILITY = YES_AGGRESSIVE;
				CLANG_WARN_UNREACHABLE_CODE = YES;
				CLANG_WARN__DUPLICATE_METHOD_MATCH = YES;
				COPY_PHASE_STRIP = NO;
				DEBUG_INFORMATION_FORMAT = "dwarf-with-dsym";
				ENABLE_NS_ASSERTIONS = NO;
				ENABLE_STRICT_OBJC_MSGSEND = YES;
				GCC_C_LANGUAGE_STANDARD = gnu11;
				GCC_NO_COMMON_BLOCKS = YES;
				GCC_WARN_64_TO_32_BIT_CONVERSION = YES;
				GCC_WARN_ABOUT_RETURN_TYPE = YES_ERROR;
				GCC_WARN_UNDECLARED_SELECTOR = YES;
				GCC_WARN_UNINITIALIZED_AUTOS = YES_AGGRESSIVE;
				GCC_WARN_UNUSED_FUNCTION = YES;
				GCC_WARN_UNUSED_VARIABLE = YES;
				IPHONEOS_DEPLOYMENT_TARGET = 11.0;
				MTL_ENABLE_DEBUG_INFO = NO;
				MTL_FAST_MATH = YES;
				SDKROOT = iphoneos;
				SWIFT_COMPILATION_MODE = wholemodule;
				SWIFT_OPTIMIZATION_LEVEL = "-O";
				VALIDATE_PRODUCT = YES;
			};
			name = Release;
		};
		660BA7E3258BC51800AE297F /* Debug */ = {
			isa = XCBuildConfiguration;
			buildSettings = {
				ASSETCATALOG_COMPILER_APPICON_NAME = AppIcon;
				ASSETCATALOG_COMPILER_GLOBAL_ACCENT_COLOR_NAME = AccentColor;
				CODE_SIGN_STYLE = Automatic;
				DEVELOPMENT_TEAM = 23U65Y57Y7;
				INFOPLIST_FILE = MyMovie/Info.plist;
				LD_RUNPATH_SEARCH_PATHS = (
					"$(inherited)",
					"@executable_path/Frameworks",
				);
				PRODUCT_BUNDLE_IDENTIFIER = tomily.MyMovie;
				PRODUCT_NAME = "$(TARGET_NAME)";
				SWIFT_VERSION = 5.0;
				TARGETED_DEVICE_FAMILY = "1,2";
			};
			name = Debug;
		};
		660BA7E4258BC51800AE297F /* Release */ = {
			isa = XCBuildConfiguration;
			buildSettings = {
				ASSETCATALOG_COMPILER_APPICON_NAME = AppIcon;
				ASSETCATALOG_COMPILER_GLOBAL_ACCENT_COLOR_NAME = AccentColor;
				CODE_SIGN_STYLE = Automatic;
				DEVELOPMENT_TEAM = 23U65Y57Y7;
				INFOPLIST_FILE = MyMovie/Info.plist;
				LD_RUNPATH_SEARCH_PATHS = (
					"$(inherited)",
					"@executable_path/Frameworks",
				);
				PRODUCT_BUNDLE_IDENTIFIER = tomily.MyMovie;
				PRODUCT_NAME = "$(TARGET_NAME)";
				SWIFT_VERSION = 5.0;
				TARGETED_DEVICE_FAMILY = "1,2";
			};
			name = Release;
		};
		660BA7E6258BC51800AE297F /* Debug */ = {
			isa = XCBuildConfiguration;
			buildSettings = {
				ALWAYS_EMBED_SWIFT_STANDARD_LIBRARIES = YES;
				BUNDLE_LOADER = "$(TEST_HOST)";
				CODE_SIGN_STYLE = Automatic;
				DEVELOPMENT_TEAM = 23U65Y57Y7;
				INFOPLIST_FILE = MyMovieTests/Info.plist;
				IPHONEOS_DEPLOYMENT_TARGET = 14.0;
				LD_RUNPATH_SEARCH_PATHS = (
					"$(inherited)",
					"@executable_path/Frameworks",
					"@loader_path/Frameworks",
				);
				PRODUCT_BUNDLE_IDENTIFIER = tomily.MyMovieTests;
				PRODUCT_NAME = "$(TARGET_NAME)";
				SWIFT_VERSION = 5.0;
				TARGETED_DEVICE_FAMILY = "1,2";
				TEST_HOST = "$(BUILT_PRODUCTS_DIR)/MyMovie.app/MyMovie";
			};
			name = Debug;
		};
		660BA7E7258BC51800AE297F /* Release */ = {
			isa = XCBuildConfiguration;
			buildSettings = {
				ALWAYS_EMBED_SWIFT_STANDARD_LIBRARIES = YES;
				BUNDLE_LOADER = "$(TEST_HOST)";
				CODE_SIGN_STYLE = Automatic;
				DEVELOPMENT_TEAM = 23U65Y57Y7;
				INFOPLIST_FILE = MyMovieTests/Info.plist;
				IPHONEOS_DEPLOYMENT_TARGET = 14.0;
				LD_RUNPATH_SEARCH_PATHS = (
					"$(inherited)",
					"@executable_path/Frameworks",
					"@loader_path/Frameworks",
				);
				PRODUCT_BUNDLE_IDENTIFIER = tomily.MyMovieTests;
				PRODUCT_NAME = "$(TARGET_NAME)";
				SWIFT_VERSION = 5.0;
				TARGETED_DEVICE_FAMILY = "1,2";
				TEST_HOST = "$(BUILT_PRODUCTS_DIR)/MyMovie.app/MyMovie";
			};
			name = Release;
		};
		660BA7E9258BC51800AE297F /* Debug */ = {
			isa = XCBuildConfiguration;
			buildSettings = {
				ALWAYS_EMBED_SWIFT_STANDARD_LIBRARIES = YES;
				CODE_SIGN_STYLE = Automatic;
				DEVELOPMENT_TEAM = 23U65Y57Y7;
				INFOPLIST_FILE = MyMovieUITests/Info.plist;
				LD_RUNPATH_SEARCH_PATHS = (
					"$(inherited)",
					"@executable_path/Frameworks",
					"@loader_path/Frameworks",
				);
				PRODUCT_BUNDLE_IDENTIFIER = tomily.MyMovieUITests;
				PRODUCT_NAME = "$(TARGET_NAME)";
				SWIFT_VERSION = 5.0;
				TARGETED_DEVICE_FAMILY = "1,2";
				TEST_TARGET_NAME = MyMovie;
			};
			name = Debug;
		};
		660BA7EA258BC51800AE297F /* Release */ = {
			isa = XCBuildConfiguration;
			buildSettings = {
				ALWAYS_EMBED_SWIFT_STANDARD_LIBRARIES = YES;
				CODE_SIGN_STYLE = Automatic;
				DEVELOPMENT_TEAM = 23U65Y57Y7;
				INFOPLIST_FILE = MyMovieUITests/Info.plist;
				LD_RUNPATH_SEARCH_PATHS = (
					"$(inherited)",
					"@executable_path/Frameworks",
					"@loader_path/Frameworks",
				);
				PRODUCT_BUNDLE_IDENTIFIER = tomily.MyMovieUITests;
				PRODUCT_NAME = "$(TARGET_NAME)";
				SWIFT_VERSION = 5.0;
				TARGETED_DEVICE_FAMILY = "1,2";
				TEST_TARGET_NAME = MyMovie;
			};
			name = Release;
		};
/* End XCBuildConfiguration section */

/* Begin XCConfigurationList section */
		660BA7B3258BC51200AE297F /* Build configuration list for PBXProject "MyMovie" */ = {
			isa = XCConfigurationList;
			buildConfigurations = (
				660BA7E0258BC51800AE297F /* Debug */,
				660BA7E1258BC51800AE297F /* Release */,
			);
			defaultConfigurationIsVisible = 0;
			defaultConfigurationName = Release;
		};
		660BA7E2258BC51800AE297F /* Build configuration list for PBXNativeTarget "MyMovie" */ = {
			isa = XCConfigurationList;
			buildConfigurations = (
				660BA7E3258BC51800AE297F /* Debug */,
				660BA7E4258BC51800AE297F /* Release */,
			);
			defaultConfigurationIsVisible = 0;
			defaultConfigurationName = Release;
		};
		660BA7E5258BC51800AE297F /* Build configuration list for PBXNativeTarget "MyMovieTests" */ = {
			isa = XCConfigurationList;
			buildConfigurations = (
				660BA7E6258BC51800AE297F /* Debug */,
				660BA7E7258BC51800AE297F /* Release */,
			);
			defaultConfigurationIsVisible = 0;
			defaultConfigurationName = Release;
		};
		660BA7E8258BC51800AE297F /* Build configuration list for PBXNativeTarget "MyMovieUITests" */ = {
			isa = XCConfigurationList;
			buildConfigurations = (
				660BA7E9258BC51800AE297F /* Debug */,
				660BA7EA258BC51800AE297F /* Release */,
			);
			defaultConfigurationIsVisible = 0;
			defaultConfigurationName = Release;
		};
/* End XCConfigurationList section */

/* Begin XCRemoteSwiftPackageReference section */
		660BA7F4258BC5E200AE297F /* XCRemoteSwiftPackageReference "Alamofire" */ = {
			isa = XCRemoteSwiftPackageReference;
			repositoryURL = "https://github.com/Alamofire/Alamofire.git";
			requirement = {
				kind = upToNextMajorVersion;
				minimumVersion = 5.4.0;
			};
		};
		660BA7FA258BC8B300AE297F /* XCRemoteSwiftPackageReference "realm-cocoa" */ = {
			isa = XCRemoteSwiftPackageReference;
			repositoryURL = "https://github.com/realm/realm-cocoa.git";
			requirement = {
				kind = upToNextMajorVersion;
				minimumVersion = 10.5.0;
			};
		};
/* End XCRemoteSwiftPackageReference section */

/* Begin XCSwiftPackageProductDependency section */
		660BA7F5258BC5E200AE297F /* Alamofire */ = {
			isa = XCSwiftPackageProductDependency;
			package = 660BA7F4258BC5E200AE297F /* XCRemoteSwiftPackageReference "Alamofire" */;
			productName = Alamofire;
		};
		660BA7FB258BC8B300AE297F /* Realm */ = {
			isa = XCSwiftPackageProductDependency;
			package = 660BA7FA258BC8B300AE297F /* XCRemoteSwiftPackageReference "realm-cocoa" */;
			productName = Realm;
		};
		660BA7FD258BC8B300AE297F /* RealmSwift */ = {
			isa = XCSwiftPackageProductDependency;
			package = 660BA7FA258BC8B300AE297F /* XCRemoteSwiftPackageReference "realm-cocoa" */;
			productName = RealmSwift;
		};
/* End XCSwiftPackageProductDependency section */
	};
	rootObject = 660BA7B0258BC51200AE297F /* Project object */;
}
